
Microsoft Visual Studio Solution File, Format Version 12.00
# Visual Studio 15
VisualStudioVersion = 15.0.27703.2042
MinimumVisualStudioVersion = 10.0.40219.1
Project("{FAE04EC0-301F-11D3-BF4B-00C04F79EFBC}") = "Hermany.AoC", "Hermany.AoC\Hermany.AoC.csproj", "{FFDCCC00-502C-405C-95B7-C53CDD765856}"
EndProject
Project("{FAE04EC0-301F-11D3-BF4B-00C04F79EFBC}") = "Hermany.AoC.Files", "Hermany.AoC.Files\Hermany.AoC.Files.csproj", "{E2F5DFE5-9CE0-4E8B-9297-4DDD7184CDC2}"
EndProject
Global
	GlobalSection(SolutionConfigurationPlatforms) = preSolution
		Debug|Any CPU = Debug|Any CPU
		Release|Any CPU = Release|Any CPU
	EndGlobalSection
	GlobalSection(ProjectConfigurationPlatforms) = postSolution
		{FFDCCC00-502C-405C-95B7-C53CDD765856}.Debug|Any CPU.ActiveCfg = Debug|Any CPU
		{FFDCCC00-502C-405C-95B7-C53CDD765856}.Debug|Any CPU.Build.0 = Debug|Any CPU
		{FFDCCC00-502C-405C-95B7-C53CDD765856}.Release|Any CPU.ActiveCfg = Release|Any CPU
		{FFDCCC00-502C-405C-95B7-C53CDD765856}.Release|Any CPU.Build.0 = Release|Any CPU
		{E2F5DFE5-9CE0-4E8B-9297-4DDD7184CDC2}.Debug|Any CPU.ActiveCfg = Debug|Any CPU
		{E2F5DFE5-9CE0-4E8B-9297-4DDD7184CDC2}.Release|Any CPU.ActiveCfg = Release|Any CPU
	EndGlobalSection
	GlobalSection(SolutionProperties) = preSolution
		HideSolutionNode = FALSE
	EndGlobalSection
	GlobalSection(ExtensibilityGlobals) = postSolution
		SolutionGuid = {61450A56-B7CF-40A0-86F5-41A4D38168F8}
	EndGlobalSection
EndGlobal
